
Microsoft Visual Studio Solution File, Format Version 11.00
# Visual Studio 2010
Project("{FAE04EC0-301F-11D3-BF4B-00C04F79EFBC}") = "ItemsControlLesson", "ItemsControlLesson\ItemsControlLesson.csproj", "{5095BCA3-0B35-40E6-A6E2-8DF840494FF3}"
EndProject
Global
	GlobalSection(SolutionConfigurationPlatforms) = preSolution
		Debug|x86 = Debug|x86
		Release|x86 = Release|x86
	EndGlobalSection
	GlobalSection(ProjectConfigurationPlatforms) = postSolution
		{5095BCA3-0B35-40E6-A6E2-8DF840494FF3}.Debug|x86.ActiveCfg = Debug|x86
		{5095BCA3-0B35-40E6-A6E2-8DF840494FF3}.Debug|x86.Build.0 = Debug|x86
		{5095BCA3-0B35-40E6-A6E2-8DF840494FF3}.Release|x86.ActiveCfg = Release|x86
		{5095BCA3-0B35-40E6-A6E2-8DF840494FF3}.Release|x86.Build.0 = Release|x86
	EndGlobalSection
	GlobalSection(SolutionProperties) = preSolution
		HideSolutionNode = FALSE
	EndGlobalSection
EndGlobal
